
Microsoft Visual Studio Solution File, Format Version 12.00
Project("{FAE04EC0-301F-11D3-BF4B-00C04F79EFBC}") = "GlutenFree.SignalR.ClientProxy.Core", "SignalR.ClientProxy\GlutenFree.SignalR.ClientProxy.Core.csproj", "{648101EF-E064-4CB4-A7D5-436F8F6E7724}"
EndProject
Project("{2150E333-8FDC-42A3-9474-1A3956D46DE8}") = "_", "_", "{1A6DF1CD-84FD-4C1C-A137-A521A6AAC80B}"
ProjectSection(SolutionItems) = preProject
	..\README.md = ..\README.md
	Directory.Build.Props = Directory.Build.Props
EndProjectSection
EndProject
Project("{FAE04EC0-301F-11D3-BF4B-00C04F79EFBC}") = "SignalR.ProxyHelpers.IntegrationTest", "SignalR.ProxyHelpers.IntegrationTest\SignalR.ProxyHelpers.IntegrationTest.csproj", "{EC4F9F75-2D2E-4C64-9D38-2F76376A530E}"
EndProject
Project("{FAE04EC0-301F-11D3-BF4B-00C04F79EFBC}") = "SignalR.ProxyHelpers.Tests", "SignalR.ProxyHelpers.Tests\SignalR.ProxyHelpers.Tests.csproj", "{BC572897-0175-400D-90EC-CD6AF9E4773C}"
EndProject
Project("{FAE04EC0-301F-11D3-BF4B-00C04F79EFBC}") = "GlutenFree.SignalR.ClientProxy.ExpressionBased", "GlutenFree.SignalR.ClientProxy.ExpressionBased\GlutenFree.SignalR.ClientProxy.ExpressionBased.csproj", "{36D23665-F61B-43E2-ADF1-15EFB0EC9281}"
EndProject
Project("{FAE04EC0-301F-11D3-BF4B-00C04F79EFBC}") = "GlutenFree.SignalR.ClientReceiver", "GlutenFree.SignalR.ClientReceiver\GlutenFree.SignalR.ClientReceiver.csproj", "{D87D33E0-086B-4669-A923-64380DF7542B}"
EndProject
Project("{FAE04EC0-301F-11D3-BF4B-00C04F79EFBC}") = "GlutenFree.SignalR.ClientProxy.Sigil", "GlutenFree.SignalR.ClientProxy.Sigil\GlutenFree.SignalR.ClientProxy.Sigil.csproj", "{DC254F67-3BFE-40DB-A6D9-98C1C9A079BD}"
EndProject
Project("{FAE04EC0-301F-11D3-BF4B-00C04F79EFBC}") = "GlutenFree.SignalR.ClientProxy", "GlutenFree.SignalR.ClientProxy\GlutenFree.SignalR.ClientProxy.csproj", "{4B4E1774-1FDE-4C11-AB0D-86A071640AF6}"
EndProject
Global
	GlobalSection(SolutionConfigurationPlatforms) = preSolution
		Debug|Any CPU = Debug|Any CPU
		Release|Any CPU = Release|Any CPU
	EndGlobalSection
	GlobalSection(ProjectConfigurationPlatforms) = postSolution
		{648101EF-E064-4CB4-A7D5-436F8F6E7724}.Debug|Any CPU.ActiveCfg = Debug|Any CPU
		{648101EF-E064-4CB4-A7D5-436F8F6E7724}.Debug|Any CPU.Build.0 = Debug|Any CPU
		{648101EF-E064-4CB4-A7D5-436F8F6E7724}.Release|Any CPU.ActiveCfg = Release|Any CPU
		{648101EF-E064-4CB4-A7D5-436F8F6E7724}.Release|Any CPU.Build.0 = Release|Any CPU
		{EC4F9F75-2D2E-4C64-9D38-2F76376A530E}.Debug|Any CPU.ActiveCfg = Debug|Any CPU
		{EC4F9F75-2D2E-4C64-9D38-2F76376A530E}.Debug|Any CPU.Build.0 = Debug|Any CPU
		{EC4F9F75-2D2E-4C64-9D38-2F76376A530E}.Release|Any CPU.ActiveCfg = Release|Any CPU
		{EC4F9F75-2D2E-4C64-9D38-2F76376A530E}.Release|Any CPU.Build.0 = Release|Any CPU
		{BC572897-0175-400D-90EC-CD6AF9E4773C}.Debug|Any CPU.ActiveCfg = Debug|Any CPU
		{BC572897-0175-400D-90EC-CD6AF9E4773C}.Debug|Any CPU.Build.0 = Debug|Any CPU
		{BC572897-0175-400D-90EC-CD6AF9E4773C}.Release|Any CPU.ActiveCfg = Release|Any CPU
		{BC572897-0175-400D-90EC-CD6AF9E4773C}.Release|Any CPU.Build.0 = Release|Any CPU
		{36D23665-F61B-43E2-ADF1-15EFB0EC9281}.Debug|Any CPU.ActiveCfg = Debug|Any CPU
		{36D23665-F61B-43E2-ADF1-15EFB0EC9281}.Debug|Any CPU.Build.0 = Debug|Any CPU
		{36D23665-F61B-43E2-ADF1-15EFB0EC9281}.Release|Any CPU.ActiveCfg = Release|Any CPU
		{36D23665-F61B-43E2-ADF1-15EFB0EC9281}.Release|Any CPU.Build.0 = Release|Any CPU
		{D87D33E0-086B-4669-A923-64380DF7542B}.Debug|Any CPU.ActiveCfg = Debug|Any CPU
		{D87D33E0-086B-4669-A923-64380DF7542B}.Debug|Any CPU.Build.0 = Debug|Any CPU
		{D87D33E0-086B-4669-A923-64380DF7542B}.Release|Any CPU.ActiveCfg = Release|Any CPU
		{D87D33E0-086B-4669-A923-64380DF7542B}.Release|Any CPU.Build.0 = Release|Any CPU
		{DC254F67-3BFE-40DB-A6D9-98C1C9A079BD}.Debug|Any CPU.ActiveCfg = Debug|Any CPU
		{DC254F67-3BFE-40DB-A6D9-98C1C9A079BD}.Debug|Any CPU.Build.0 = Debug|Any CPU
		{DC254F67-3BFE-40DB-A6D9-98C1C9A079BD}.Release|Any CPU.ActiveCfg = Release|Any CPU
		{DC254F67-3BFE-40DB-A6D9-98C1C9A079BD}.Release|Any CPU.Build.0 = Release|Any CPU
		{4B4E1774-1FDE-4C11-AB0D-86A071640AF6}.Debug|Any CPU.ActiveCfg = Debug|Any CPU
		{4B4E1774-1FDE-4C11-AB0D-86A071640AF6}.Debug|Any CPU.Build.0 = Debug|Any CPU
		{4B4E1774-1FDE-4C11-AB0D-86A071640AF6}.Release|Any CPU.ActiveCfg = Release|Any CPU
		{4B4E1774-1FDE-4C11-AB0D-86A071640AF6}.Release|Any CPU.Build.0 = Release|Any CPU
	EndGlobalSection
EndGlobal
